DEPENDENCIES
  chef_nginx (~> 6.2.0)
  firewall_rules (~> 0.2.0)

GRAPH
  build-essential (8.2.1)
    mingw (>= 1.1)
    seven_zip (>= 0.0.0)
  chef-sugar (5.1.8)
  chef_nginx (6.2.0)
    build-essential (>= 0.0.0)
    compat_resource (>= 12.16.3)
    ohai (>= 4.1.0)
    yum-epel (>= 0.0.0)
    zypper (>= 0.0.0)
  compat_resource (12.19.1)
  firewall (2.7.0)
    chef-sugar (>= 0.0.0)
  firewall_rules (0.2.0)
    firewall (>= 2.6.1)
  mingw (2.1.1)
    seven_zip (>= 0.0.0)
  ohai (5.3.0)
  seven_zip (3.1.2)
    windows (>= 0.0.0)
  windows (7.0.0)
  yum-epel (3.3.0)
  zypper (0.4.0)
